
Microsoft Visual Studio Solution File, Format Version 12.00
# Visual Studio 2015
Project("{FAE04EC0-301F-11D3-BF4B-00C04F79EFBC}") = "Econeer.CSharp.Plugins", "Econeer.CSharp.Plugins.csproj", "{F10F336C-1520-8B34-E39C-C0A17525B339}"
EndProject
Project("{FAE04EC0-301F-11D3-BF4B-00C04F79EFBC}") = "Econeer.CSharp", "Econeer.CSharp.csproj", "{A65D8F55-F012-C121-FD7A-D48D23307ED7}"
EndProject
Project("{FAE04EC0-301F-11D3-BF4B-00C04F79EFBC}") = "Econeer.CSharp.Editor", "Econeer.CSharp.Editor.csproj", "{647675CE-C961-2F7F-5383-C8B755BADBBB}"
EndProject
Global
	GlobalSection(SolutionConfigurationPlatforms) = preSolution
		Debug|Any CPU = Debug|Any CPU
		Release|Any CPU = Release|Any CPU
	EndGlobalSection
	GlobalSection(ProjectConfigurationPlatforms) = postSolution
		{F10F336C-1520-8B34-E39C-C0A17525B339}.Debug|Any CPU.ActiveCfg = Debug|Any CPU
		{F10F336C-1520-8B34-E39C-C0A17525B339}.Debug|Any CPU.Build.0 = Debug|Any CPU
		{F10F336C-1520-8B34-E39C-C0A17525B339}.Release|Any CPU.ActiveCfg = Release|Any CPU
		{F10F336C-1520-8B34-E39C-C0A17525B339}.Release|Any CPU.Build.0 = Release|Any CPU
		{A65D8F55-F012-C121-FD7A-D48D23307ED7}.Debug|Any CPU.ActiveCfg = Debug|Any CPU
		{A65D8F55-F012-C121-FD7A-D48D23307ED7}.Debug|Any CPU.Build.0 = Debug|Any CPU
		{A65D8F55-F012-C121-FD7A-D48D23307ED7}.Release|Any CPU.ActiveCfg = Release|Any CPU
		{A65D8F55-F012-C121-FD7A-D48D23307ED7}.Release|Any CPU.Build.0 = Release|Any CPU
		{647675CE-C961-2F7F-5383-C8B755BADBBB}.Debug|Any CPU.ActiveCfg = Debug|Any CPU
		{647675CE-C961-2F7F-5383-C8B755BADBBB}.Debug|Any CPU.Build.0 = Debug|Any CPU
		{647675CE-C961-2F7F-5383-C8B755BADBBB}.Release|Any CPU.ActiveCfg = Release|Any CPU
		{647675CE-C961-2F7F-5383-C8B755BADBBB}.Release|Any CPU.Build.0 = Release|Any CPU
	EndGlobalSection
	GlobalSection(SolutionProperties) = preSolution
		HideSolutionNode = FALSE
	EndGlobalSection
EndGlobal
